
Microsoft Visual Studio Solution File, Format Version 12.00
# Visual Studio 15
VisualStudioVersion = 15.0.28307.421
MinimumVisualStudioVersion = 10.0.40219.1
Project("{FAE04EC0-301F-11D3-BF4B-00C04F79EFBC}") = "Inventario.COMMON", "Inventario.COMMON\Inventario.COMMON.csproj", "{667D76A2-990C-4930-8396-77F34770E292}"
EndProject
Project("{FAE04EC0-301F-11D3-BF4B-00C04F79EFBC}") = "Inventario.DAL", "Inventario.DAL\Inventario.DAL.csproj", "{E4E9D502-BE69-4B75-8274-0E7F1FC7D22A}"
EndProject
Global
	GlobalSection(SolutionConfigurationPlatforms) = preSolution
		Debug|Any CPU = Debug|Any CPU
		Release|Any CPU = Release|Any CPU
	EndGlobalSection
	GlobalSection(ProjectConfigurationPlatforms) = postSolution
		{667D76A2-990C-4930-8396-77F34770E292}.Debug|Any CPU.ActiveCfg = Debug|Any CPU
		{667D76A2-990C-4930-8396-77F34770E292}.Debug|Any CPU.Build.0 = Debug|Any CPU
		{667D76A2-990C-4930-8396-77F34770E292}.Release|Any CPU.ActiveCfg = Release|Any CPU
		{667D76A2-990C-4930-8396-77F34770E292}.Release|Any CPU.Build.0 = Release|Any CPU
		{E4E9D502-BE69-4B75-8274-0E7F1FC7D22A}.Debug|Any CPU.ActiveCfg = Debug|Any CPU
		{E4E9D502-BE69-4B75-8274-0E7F1FC7D22A}.Debug|Any CPU.Build.0 = Debug|Any CPU
		{E4E9D502-BE69-4B75-8274-0E7F1FC7D22A}.Release|Any CPU.ActiveCfg = Release|Any CPU
		{E4E9D502-BE69-4B75-8274-0E7F1FC7D22A}.Release|Any CPU.Build.0 = Release|Any CPU
	EndGlobalSection
	GlobalSection(SolutionProperties) = preSolution
		HideSolutionNode = FALSE
	EndGlobalSection
	GlobalSection(ExtensibilityGlobals) = postSolution
		SolutionGuid = {B8F3BEFD-F2CD-45E3-93A7-C307EEF74486}
	EndGlobalSection
EndGlobal
